
Microsoft Visual Studio Solution File, Format Version 12.00
# Visual Studio Version 17
VisualStudioVersion = 17.3.32804.467
MinimumVisualStudioVersion = 10.0.40219.1
Project("{FAE04EC0-301F-11D3-BF4B-00C04F79EFBC}") = "El_Contento", "El_Contento\El_Contento.csproj", "{99AC4D03-E34F-4417-B420-0B8DE1FED623}"
EndProject
Global
	GlobalSection(SolutionConfigurationPlatforms) = preSolution
		Debug|Any CPU = Debug|Any CPU
		Release|Any CPU = Release|Any CPU
	EndGlobalSection
	GlobalSection(ProjectConfigurationPlatforms) = postSolution
		{99AC4D03-E34F-4417-B420-0B8DE1FED623}.Debug|Any CPU.ActiveCfg = Debug|Any CPU
		{99AC4D03-E34F-4417-B420-0B8DE1FED623}.Debug|Any CPU.Build.0 = Debug|Any CPU
		{99AC4D03-E34F-4417-B420-0B8DE1FED623}.Release|Any CPU.ActiveCfg = Release|Any CPU
		{99AC4D03-E34F-4417-B420-0B8DE1FED623}.Release|Any CPU.Build.0 = Release|Any CPU
	EndGlobalSection
	GlobalSection(SolutionProperties) = preSolution
		HideSolutionNode = FALSE
	EndGlobalSection
	GlobalSection(ExtensibilityGlobals) = postSolution
		SolutionGuid = {A712C3C5-5C3E-4126-B4F6-3C68048D599B}
	EndGlobalSection
EndGlobal
